<?xml version="1.0" encoding="utf-8"?>
<Project ToolsVersion="4.0" xmlns="http://schemas.microsoft.com/developer/msbuild/2003">
  <ItemGroup>
    <Filter Include="Исходные файлы">
      <UniqueIdentifier>{4FC737F1-C7A5-4376-A066-2A32D752A2FF}</UniqueIdentifier>
      <Extensions>cpp;c;cc;cxx;c++;cppm;ixx;def;odl;idl;hpj;bat;asm;asmx</Extensions>
    </Filter>
    <Filter Include="Файлы заголовков">
      <UniqueIdentifier>{93995380-89BD-4b04-88EB-625FBE52EBFB}</UniqueIdentifier>
      <Extensions>h;hh;hpp;hxx;h++;hm;inl;inc;ipp;xsd</Extensions>
    </Filter>
    <Filter Include="Файлы ресурсов">
      <UniqueIdentifier>{67DA6AB6-F800-4c08-8B7A-83BB121AAD01}</UniqueIdentifier>
      <Extensions>rc;ico;cur;bmp;dlg;rc2;rct;bin;rgs;gif;jpg;jpeg;jpe;resx;tiff;tif;png;wav;mfcribbon-ms</Extensions>
    </Filter>
    <Filter Include="Исходные файлы\matrix">
      <UniqueIdentifier>{88a7316c-0802-402a-bc68-6cd78027961b}</UniqueIdentifier>
    </Filter>
    <Filter Include="Исходные файлы\algorithms">
      <UniqueIdentifier>{268ab4b6-f0f2-4828-9767-313ff7a87926}</UniqueIdentifier>
    </Filter>
    <Filter Include="Исходные файлы\measurements">
      <UniqueIdentifier>{a39d560a-eb7f-4bbe-a5f4-f0850cebfca2}</UniqueIdentifier>
    </Filter>
  </ItemGroup>
  <ItemGroup>
    <ClCompile Include="src.cpp">
      <Filter>Исходные файлы</Filter>
    </ClCompile>
    <ClCompile Include="matrix.cpp">
      <Filter>Исходные файлы\matrix</Filter>
    </ClCompile>
    <ClCompile Include="algorithms.cpp">
      <Filter>Исходные файлы\algorithms</Filter>
    </ClCompile>
    <ClCompile Include="measurements.cpp">
      <Filter>Исходные файлы\measurements</Filter>
    </ClCompile>
  </ItemGroup>
  <ItemGroup>
    <ClInclude Include="matrix.h">
      <Filter>Исходные файлы\matrix</Filter>
    </ClInclude>
    <ClInclude Include="algorithms.h">
      <Filter>Исходные файлы\algorithms</Filter>
    </ClInclude>
    <ClInclude Include="measurements.h">
      <Filter>Исходные файлы\measurements</Filter>
    </ClInclude>
  </ItemGroup>
</Project>