
Microsoft Visual Studio Solution File, Format Version 12.00
# Visual Studio Version 17
VisualStudioVersion = 17.8.34408.163
MinimumVisualStudioVersion = 10.0.40219.1
Project("{FAE04EC0-301F-11D3-BF4B-00C04F79EFBC}") = "SQLiteToJSON", "SQLiteToJSON\SQLiteToJSON.csproj", "{82FF2295-03A0-449C-BD54-8940B14B4D55}"
EndProject
Global
	GlobalSection(SolutionConfigurationPlatforms) = preSolution
		Debug|Any CPU = Debug|Any CPU
		Release|Any CPU = Release|Any CPU
	EndGlobalSection
	GlobalSection(ProjectConfigurationPlatforms) = postSolution
		{82FF2295-03A0-449C-BD54-8940B14B4D55}.Debug|Any CPU.ActiveCfg = Debug|Any CPU
		{82FF2295-03A0-449C-BD54-8940B14B4D55}.Debug|Any CPU.Build.0 = Debug|Any CPU
		{82FF2295-03A0-449C-BD54-8940B14B4D55}.Release|Any CPU.ActiveCfg = Release|Any CPU
		{82FF2295-03A0-449C-BD54-8940B14B4D55}.Release|Any CPU.Build.0 = Release|Any CPU
	EndGlobalSection
	GlobalSection(SolutionProperties) = preSolution
		HideSolutionNode = FALSE
	EndGlobalSection
	GlobalSection(ExtensibilityGlobals) = postSolution
		SolutionGuid = {7740F49E-5477-48D8-9FCE-C27523D39310}
	EndGlobalSection
EndGlobal
