
Microsoft Visual Studio Solution File, Format Version 12.00
# Visual Studio Version 17
VisualStudioVersion = 17.8.34408.163
MinimumVisualStudioVersion = 10.0.40219.1
Project("{FAE04EC0-301F-11D3-BF4B-00C04F79EFBC}") = "src", "src\src.csproj", "{5099081B-C554-4F59-9F2E-CFE2BBC2276C}"
EndProject
Global
	GlobalSection(SolutionConfigurationPlatforms) = preSolution
		Debug|Any CPU = Debug|Any CPU
		Release|Any CPU = Release|Any CPU
	EndGlobalSection
	GlobalSection(ProjectConfigurationPlatforms) = postSolution
		{5099081B-C554-4F59-9F2E-CFE2BBC2276C}.Debug|Any CPU.ActiveCfg = Debug|Any CPU
		{5099081B-C554-4F59-9F2E-CFE2BBC2276C}.Debug|Any CPU.Build.0 = Debug|Any CPU
		{5099081B-C554-4F59-9F2E-CFE2BBC2276C}.Release|Any CPU.ActiveCfg = Release|Any CPU
		{5099081B-C554-4F59-9F2E-CFE2BBC2276C}.Release|Any CPU.Build.0 = Release|Any CPU
	EndGlobalSection
	GlobalSection(SolutionProperties) = preSolution
		HideSolutionNode = FALSE
	EndGlobalSection
	GlobalSection(ExtensibilityGlobals) = postSolution
		SolutionGuid = {E129A7D3-07B3-4415-AE15-6C9EC7A68BD6}
	EndGlobalSection
EndGlobal
