
Microsoft Visual Studio Solution File, Format Version 12.00
# Visual Studio Version 17
VisualStudioVersion = 17.8.34408.163
MinimumVisualStudioVersion = 10.0.40219.1
Project("{FAE04EC0-301F-11D3-BF4B-00C04F79EFBC}") = "timestamp_cas", "timestamp_cas\timestamp_cas.csproj", "{4D829E5B-A96A-461A-8A8C-48726ED47264}"
EndProject
Global
	GlobalSection(SolutionConfigurationPlatforms) = preSolution
		Debug|Any CPU = Debug|Any CPU
		Release|Any CPU = Release|Any CPU
	EndGlobalSection
	GlobalSection(ProjectConfigurationPlatforms) = postSolution
		{4D829E5B-A96A-461A-8A8C-48726ED47264}.Debug|Any CPU.ActiveCfg = Debug|Any CPU
		{4D829E5B-A96A-461A-8A8C-48726ED47264}.Debug|Any CPU.Build.0 = Debug|Any CPU
		{4D829E5B-A96A-461A-8A8C-48726ED47264}.Release|Any CPU.ActiveCfg = Release|Any CPU
		{4D829E5B-A96A-461A-8A8C-48726ED47264}.Release|Any CPU.Build.0 = Release|Any CPU
	EndGlobalSection
	GlobalSection(SolutionProperties) = preSolution
		HideSolutionNode = FALSE
	EndGlobalSection
	GlobalSection(ExtensibilityGlobals) = postSolution
		SolutionGuid = {07ADB1C6-5D66-4C0B-A9A4-5BFF96AE6D12}
	EndGlobalSection
EndGlobal
